// !$*UTF8*$!
{
	archiveVersion = 1;
	classes = {
	};
	objectVersion = 50;
	objects = {

/* Begin PBXBuildFile section */
		9F02F9772354812900FD5B0C /* silence.mp3 in Resources */ = {isa = PBXBuildFile; fileRef = 9F02F9762354812900FD5B0C /* silence.mp3 */; };
		9F0F79DB2347476F00D744B3 /* example.mp3 in Resources */ = {isa = PBXBuildFile; fileRef = 9F0F79DA2347476E00D744B3 /* example.mp3 */; };
		9FE658A4234D0C9D0004BF01 /* AudioBufferList.m in Sources */ = {isa = PBXBuildFile; fileRef = 9FE658A3234D0C9D0004BF01 /* AudioBufferList.m */; };
		9FFE838C2341F08C0087342F /* AppDelegate.swift in Sources */ = {isa = PBXBuildFile; fileRef = 9FFE838B2341F08C0087342F /* AppDelegate.swift */; };
		9FFE838E2341F08C0087342F /* SceneDelegate.swift in Sources */ = {isa = PBXBuildFile; fileRef = 9FFE838D2341F08C0087342F /* SceneDelegate.swift */; };
		9FFE83902341F08C0087342F /* ViewController.swift in Sources */ = {isa = PBXBuildFile; fileRef = 9FFE838F2341F08C0087342F /* ViewController.swift */; };
		9FFE83932341F08C0087342F /* Main.storyboard in Resources */ = {isa = PBXBuildFile; fileRef = 9FFE83912341F08C0087342F /* Main.storyboard */; };
		9FFE83952341F08F0087342F /* Assets.xcassets in Resources */ = {isa = PBXBuildFile; fileRef = 9FFE83942341F08F0087342F /* Assets.xcassets */; };
		9FFE83982341F08F0087342F /* LaunchScreen.storyboard in Resources */ = {isa = PBXBuildFile; fileRef = 9FFE83962341F08F0087342F /* LaunchScreen.storyboard */; };
/* End PBXBuildFile section */

/* Begin PBXFileReference section */
		9F02F9762354812900FD5B0C /* silence.mp3 */ = {isa = PBXFileReference; lastKnownFileType = audio.mp3; path = silence.mp3; sourceTree = "<group>"; };
		9F0F79DA2347476E00D744B3 /* example.mp3 */ = {isa = PBXFileReference; lastKnownFileType = audio.mp3; path = example.mp3; sourceTree = "<group>"; };
		9FE6589F234D0C260004BF01 /* AudioBufferList.h */ = {isa = PBXFileReference; explicitFileType = sourcecode.c.objc; fileEncoding = 4; path = AudioBufferList.h; sourceTree = "<group>"; };
		9FE658A2234D0C9D0004BF01 /* AVAudioEngineExample-Bridging-Header.h */ = {isa = PBXFileReference; lastKnownFileType = sourcecode.c.h; path = "AVAudioEngineExample-Bridging-Header.h"; sourceTree = "<group>"; };
		9FE658A3234D0C9D0004BF01 /* AudioBufferList.m */ = {isa = PBXFileReference; lastKnownFileType = sourcecode.c.objc; path = AudioBufferList.m; sourceTree = "<group>"; };
		9FFE83882341F08C0087342F /* AVAudioEngineExample.app */ = {isa = PBXFileReference; explicitFileType = wrapper.application; includeInIndex = 0; path = AVAudioEngineExample.app; sourceTree = BUILT_PRODUCTS_DIR; };
		9FFE838B2341F08C0087342F /* AppDelegate.swift */ = {isa = PBXFileReference; lastKnownFileType = sourcecode.swift; path = AppDelegate.swift; sourceTree = "<group>"; };
		9FFE838D2341F08C0087342F /* SceneDelegate.swift */ = {isa = PBXFileReference; lastKnownFileType = sourcecode.swift; path = SceneDelegate.swift; sourceTree = "<group>"; };
		9FFE838F2341F08C0087342F /* ViewController.swift */ = {isa = PBXFileReference; lastKnownFileType = sourcecode.swift; path = ViewController.swift; sourceTree = "<group>"; };
		9FFE83922341F08C0087342F /* Base */ = {isa = PBXFileReference; lastKnownFileType = file.storyboard; name = Base; path = Base.lproj/Main.storyboard; sourceTree = "<group>"; };
		9FFE83942341F08F0087342F /* Assets.xcassets */ = {isa = PBXFileReference; lastKnownFileType = folder.assetcatalog; path = Assets.xcassets; sourceTree = "<group>"; };
		9FFE83972341F08F0087342F /* Base */ = {isa = PBXFileReference; lastKnownFileType = file.storyboard; name = Base; path = Base.lproj/LaunchScreen.storyboard; sourceTree = "<group>"; };
		9FFE83992341F08F0087342F /* Info.plist */ = {isa = PBXFileReference; lastKnownFileType = text.plist.xml; path = Info.plist; sourceTree = "<group>"; };
/* End PBXFileReference section */

/* Begin PBXFrameworksBuildPhase section */
		9FFE83852341F08C0087342F /* Frameworks */ = {
			isa = PBXFrameworksBuildPhase;
			buildActionMask = 2147483647;
			files = (
			);
			runOnlyForDeploymentPostprocessing = 0;
		};
/* End PBXFrameworksBuildPhase section */

/* Begin PBXGroup section */
		9FFE837F2341F08C0087342F = {
			isa = PBXGroup;
			children = (
				9FFE838A2341F08C0087342F /* AVAudioEngineExample */,
				9FFE83892341F08C0087342F /* Products */,
			);
			sourceTree = "<group>";
		};
		9FFE83892341F08C0087342F /* Products */ = {
			isa = PBXGroup;
			children = (
				9FFE83882341F08C0087342F /* AVAudioEngineExample.app */,
			);
			name = Products;
			sourceTree = "<group>";
		};
		9FFE838A2341F08C0087342F /* AVAudioEngineExample */ = {
			isa = PBXGroup;
			children = (
				9FFE838B2341F08C0087342F /* AppDelegate.swift */,
				9FFE838D2341F08C0087342F /* SceneDelegate.swift */,
				9FFE838F2341F08C0087342F /* ViewController.swift */,
				9FFE83912341F08C0087342F /* Main.storyboard */,
				9FFE83942341F08F0087342F /* Assets.xcassets */,
				9FFE83962341F08F0087342F /* LaunchScreen.storyboard */,
				9F02F9762354812900FD5B0C /* silence.mp3 */,
				9FFE83992341F08F0087342F /* Info.plist */,
				9F0F79DA2347476E00D744B3 /* example.mp3 */,
				9FE6589F234D0C260004BF01 /* AudioBufferList.h */,
				9FE658A3234D0C9D0004BF01 /* AudioBufferList.m */,
				9FE658A2234D0C9D0004BF01 /* AVAudioEngineExample-Bridging-Header.h */,
			);
			path = AVAudioEngineExample;
			sourceTree = "<group>";
		};
/* End PBXGroup section */

/* Begin PBXNativeTarget section */
		9FFE83872341F08C0087342F /* AVAudioEngineExample */ = {
			isa = PBXNativeTarget;
			buildConfigurationList = 9FFE839C2341F08F0087342F /* Build configuration list for PBXNativeTarget "AVAudioEngineExample" */;
			buildPhases = (
				9FFE83842341F08C0087342F /* Sources */,
				9FFE83852341F08C0087342F /* Frameworks */,
				9FFE83862341F08C0087342F /* Resources */,
			);
			buildRules = (
			);
			dependencies = (
			);
			name = AVAudioEngineExample;
			productName = AVAudioEngineExample;
			productReference = 9FFE83882341F08C0087342F /* AVAudioEngineExample.app */;
			productType = "com.apple.product-type.application";
		};
/* End PBXNativeTarget section */

/* Begin PBXProject section */
		9FFE83802341F08C0087342F /* Project object */ = {
			isa = PBXProject;
			attributes = {
				LastSwiftUpdateCheck = 1100;
				LastUpgradeCheck = 1100;
				ORGANIZATIONNAME = "Boris Dering";
				TargetAttributes = {
					9FFE83872341F08C0087342F = {
						CreatedOnToolsVersion = 11.0;
						LastSwiftMigration = 1100;
					};
				};
			};
			buildConfigurationList = 9FFE83832341F08C0087342F /* Build configuration list for PBXProject "AVAudioEngineExample" */;
			compatibilityVersion = "Xcode 9.3";
			developmentRegion = en;
			hasScannedForEncodings = 0;
			knownRegions = (
				en,
				Base,
			);
			mainGroup = 9FFE837F2341F08C0087342F;
			productRefGroup = 9FFE83892341F08C0087342F /* Products */;
			projectDirPath = "";
			projectRoot = "";
			targets = (
				9FFE83872341F08C0087342F /* AVAudioEngineExample */,
			);
		};
/* End PBXProject section */

/* Begin PBXResourcesBuildPhase section */
		9FFE83862341F08C0087342F /* Resources */ = {
			isa = PBXResourcesBuildPhase;
			buildActionMask = 2147483647;
			files = (
				9FFE83982341F08F0087342F /* LaunchScreen.storyboard in Resources */,
				9FFE83952341F08F0087342F /* Assets.xcassets in Resources */,
				9F02F9772354812900FD5B0C /* silence.mp3 in Resources */,
				9F0F79DB2347476F00D744B3 /* example.mp3 in Resources */,
				9FFE83932341F08C0087342F /* Main.storyboard in Resources */,
			);
			runOnlyForDeploymentPostprocessing = 0;
		};
/* End PBXResourcesBuildPhase section */

/* Begin PBXSourcesBuildPhase section */
		9FFE83842341F08C0087342F /* Sources */ = {
			isa = PBXSourcesBuildPhase;
			buildActionMask = 2147483647;
			files = (
				9FE658A4234D0C9D0004BF01 /* AudioBufferList.m in Sources */,
				9FFE83902341F08C0087342F /* ViewController.swift in Sources */,
				9FFE838C2341F08C0087342F /* AppDelegate.swift in Sources */,
				9FFE838E2341F08C0087342F /* SceneDelegate.swift in Sources */,
			);
			runOnlyForDeploymentPostprocessing = 0;
		};
/* End PBXSourcesBuildPhase section */

/* Begin PBXVariantGroup section */
		9FFE83912341F08C0087342F /* Main.storyboard */ = {
			isa = PBXVariantGroup;
			children = (
				9FFE83922341F08C0087342F /* Base */,
			);
			name = Main.storyboard;
			sourceTree = "<group>";
		};
		9FFE83962341F08F0087342F /* LaunchScreen.storyboard */ = {
			isa = PBXVariantGroup;
			children = (
				9FFE83972341F08F0087342F /* Base */,
			);
			name = LaunchScreen.storyboard;
			sourceTree = "<group>";
		};
/* End PBXVariantGroup section */

/* Begin XCBuildConfiguration section */
		9FFE839A2341F08F0087342F /* Debug */ = {
			isa = XCBuildConfiguration;
			buildSettings = {
				ALWAYS_SEARCH_USER_PATHS = NO;
				CLANG_ANALYZER_NONNULL = YES;
				CLANG_ANALYZER_NUMBER_OBJECT_CONVERSION = YES_AGGRESSIVE;
				CLANG_CXX_LANGUAGE_STANDARD = "gnu++14";
				CLANG_CXX_LIBRARY = "libc++";
				CLANG_ENABLE_MODULES = YES;
				CLANG_ENABLE_OBJC_ARC = YES;
				CLANG_ENABLE_OBJC_WEAK = YES;
				CLANG_WARN_BLOCK_CAPTURE_AUTORELEASING = YES;
				CLANG_WARN_BOOL_CONVERSION = YES;
				CLANG_WARN_COMMA = YES;
				CLANG_WARN_CONSTANT_CONVERSION = YES;
				CLANG_WARN_DEPRECATED_OBJC_IMPLEMENTATIONS = YES;
				CLANG_WARN_DIRECT_OBJC_ISA_USAGE = YES_ERROR;
				CLANG_WARN_DOCUMENTATION_COMMENTS = YES;
				CLANG_WARN_EMPTY_BODY = YES;
				CLANG_WARN_ENUM_CONVERSION = YES;
				CLANG_WARN_INFINITE_RECURSION = YES;
				CLANG_WARN_INT_CONVERSION = YES;
				CLANG_WARN_NON_LITERAL_NULL_CONVERSION = YES;
				CLANG_WARN_OBJC_IMPLICIT_RETAIN_SELF = YES;
				CLANG_WARN_OBJC_LITERAL_CONVERSION = YES;
				CLANG_WARN_OBJC_ROOT_CLASS = YES_ERROR;
				CLANG_WARN_RANGE_LOOP_ANALYSIS = YES;
				CLANG_WARN_STRICT_PROTOTYPES = YES;
				CLANG_WARN_SUSPICIOUS_MOVE = YES;
				CLANG_WARN_UNGUARDED_AVAILABILITY = YES_AGGRESSIVE;
				CLANG_WARN_UNREACHABLE_CODE = YES;
				CLANG_WARN__DUPLICATE_METHOD_MATCH = YES;
				COPY_PHASE_STRIP = NO;
				DEBUG_INFORMATION_FORMAT = dwarf;
				ENABLE_STRICT_OBJC_MSGSEND = YES;
				ENABLE_TESTABILITY = YES;
				GCC_C_LANGUAGE_STANDARD = gnu11;
				GCC_DYNAMIC_NO_PIC = NO;
				GCC_NO_COMMON_BLOCKS = YES;
				GCC_OPTIMIZATION_LEVEL = 0;
				GCC_PREPROCESSOR_DEFINITIONS = (
					"DEBUG=1",
					"$(inherited)",
				);
				GCC_WARN_64_TO_32_BIT_CONVERSION = YES;
				GCC_WARN_ABOUT_RETURN_TYPE = YES_ERROR;
				GCC_WARN_UNDECLARED_SELECTOR = YES;
				GCC_WARN_UNINITIALIZED_AUTOS = YES_AGGRESSIVE;
				GCC_WARN_UNUSED_FUNCTION = YES;
				GCC_WARN_UNUSED_VARIABLE = YES;
				IPHONEOS_DEPLOYMENT_TARGET = 13.0;
				MTL_ENABLE_DEBUG_INFO = INCLUDE_SOURCE;
				MTL_FAST_MATH = YES;
				ONLY_ACTIVE_ARCH = YES;
				SDKROOT = iphoneos;
				SWIFT_ACTIVE_COMPILATION_CONDITIONS = DEBUG;
				SWIFT_OPTIMIZATION_LEVEL = "-Onone";
			};
			name = Debug;
		};
		9FFE839B2341F08F0087342F /* Release */ = {
			isa = XCBuildConfiguration;
			buildSettings = {
				ALWAYS_SEARCH_USER_PATHS = NO;
				CLANG_ANALYZER_NONNULL = YES;
				CLANG_ANALYZER_NUMBER_OBJECT_CONVERSION = YES_AGGRESSIVE;
				CLANG_CXX_LANGUAGE_STANDARD = "gnu++14";
				CLANG_CXX_LIBRARY = "libc++";
				CLANG_ENABLE_MODULES = YES;
				CLANG_ENABLE_OBJC_ARC = YES;
				CLANG_ENABLE_OBJC_WEAK = YES;
				CLANG_WARN_BLOCK_CAPTURE_AUTORELEASING = YES;
				CLANG_WARN_BOOL_CONVERSION = YES;
				CLANG_WARN_COMMA = YES;
				CLANG_WARN_CONSTANT_CONVERSION = YES;
				CLANG_WARN_DEPRECATED_OBJC_IMPLEMENTATIONS = YES;
				CLANG_WARN_DIRECT_OBJC_ISA_USAGE = YES_ERROR;
				CLANG_WARN_DOCUMENTATION_COMMENTS = YES;
				CLANG_WARN_EMPTY_BODY = YES;
				CLANG_WARN_ENUM_CONVERSION = YES;
				CLANG_WARN_INFINITE_RECURSION = YES;
				CLANG_WARN_INT_CONVERSION = YES;
				CLANG_WARN_NON_LITERAL_NULL_CONVERSION = YES;
				CLANG_WARN_OBJC_IMPLICIT_RETAIN_SELF = YES;
				CLANG_WARN_OBJC_LITERAL_CONVERSION = YES;
				CLANG_WARN_OBJC_ROOT_CLASS = YES_ERROR;
				CLANG_WARN_RANGE_LOOP_ANALYSIS = YES;
				CLANG_WARN_STRICT_PROTOTYPES = YES;
				CLANG_WARN_SUSPICIOUS_MOVE = YES;
				CLANG_WARN_UNGUARDED_AVAILABILITY = YES_AGGRESSIVE;
				CLANG_WARN_UNREACHABLE_CODE = YES;
				CLANG_WARN__DUPLICATE_METHOD_MATCH = YES;
				COPY_PHASE_STRIP = NO;
				DEBUG_INFORMATION_FORMAT = "dwarf-with-dsym";
				ENABLE_NS_ASSERTIONS = NO;
				ENABLE_STRICT_OBJC_MSGSEND = YES;
				GCC_C_LANGUAGE_STANDARD = gnu11;
				GCC_NO_COMMON_BLOCKS = YES;
				GCC_WARN_64_TO_32_BIT_CONVERSION = YES;
				GCC_WARN_ABOUT_RETURN_TYPE = YES_ERROR;
				GCC_WARN_UNDECLARED_SELECTOR = YES;
				GCC_WARN_UNINITIALIZED_AUTOS = YES_AGGRESSIVE;
				GCC_WARN_UNUSED_FUNCTION = YES;
				GCC_WARN_UNUSED_VARIABLE = YES;
				IPHONEOS_DEPLOYMENT_TARGET = 13.0;
				MTL_ENABLE_DEBUG_INFO = NO;
				MTL_FAST_MATH = YES;
				SDKROOT = iphoneos;
				SWIFT_COMPILATION_MODE = wholemodule;
				SWIFT_OPTIMIZATION_LEVEL = "-O";
				VALIDATE_PRODUCT = YES;
			};
			name = Release;
		};
		9FFE839D2341F08F0087342F /* Debug */ = {
			isa = XCBuildConfiguration;
			buildSettings = {
				ASSETCATALOG_COMPILER_APPICON_NAME = AppIcon;
				CLANG_ENABLE_MODULES = YES;
				CODE_SIGN_STYLE = Automatic;
				DEVELOPMENT_TEAM = D97V4W8497;
				INFOPLIST_FILE = AVAudioEngineExample/Info.plist;
				LD_RUNPATH_SEARCH_PATHS = (
					"$(inherited)",
					"@executable_path/Frameworks",
				);
				PRODUCT_BUNDLE_IDENTIFIER = com.swinxteam.AVAudioEngineExample;
				PRODUCT_NAME = "$(TARGET_NAME)";
				SWIFT_OBJC_BRIDGING_HEADER = "AVAudioEngineExample/AVAudioEngineExample-Bridging-Header.h";
				SWIFT_OPTIMIZATION_LEVEL = "-Onone";
				SWIFT_VERSION = 5.0;
				TARGETED_DEVICE_FAMILY = "1,2";
			};
			name = Debug;
		};
		9FFE839E2341F08F0087342F /* Release */ = {
			isa = XCBuildConfiguration;
			buildSettings = {
				ASSETCATALOG_COMPILER_APPICON_NAME = AppIcon;
				CLANG_ENABLE_MODULES = YES;
				CODE_SIGN_STYLE = Automatic;
				DEVELOPMENT_TEAM = D97V4W8497;
				INFOPLIST_FILE = AVAudioEngineExample/Info.plist;
				LD_RUNPATH_SEARCH_PATHS = (
					"$(inherited)",
					"@executable_path/Frameworks",
				);
				PRODUCT_BUNDLE_IDENTIFIER = com.swinxteam.AVAudioEngineExample;
				PRODUCT_NAME = "$(TARGET_NAME)";
				SWIFT_OBJC_BRIDGING_HEADER = "AVAudioEngineExample/AVAudioEngineExample-Bridging-Header.h";
				SWIFT_VERSION = 5.0;
				TARGETED_DEVICE_FAMILY = "1,2";
			};
			name = Release;
		};
/* End XCBuildConfiguration section */

/* Begin XCConfigurationList section */
		9FFE83832341F08C0087342F /* Build configuration list for PBXProject "AVAudioEngineExample" */ = {
			isa = XCConfigurationList;
			buildConfigurations = (
				9FFE839A2341F08F0087342F /* Debug */,
				9FFE839B2341F08F0087342F /* Release */,
			);
			defaultConfigurationIsVisible = 0;
			defaultConfigurationName = Release;
		};
		9FFE839C2341F08F0087342F /* Build configuration list for PBXNativeTarget "AVAudioEngineExample" */ = {
			isa = XCConfigurationList;
			buildConfigurations = (
				9FFE839D2341F08F0087342F /* Debug */,
				9FFE839E2341F08F0087342F /* Release */,
			);
			defaultConfigurationIsVisible = 0;
			defaultConfigurationName = Release;
		};
/* End XCConfigurationList section */
	};
	rootObject = 9FFE83802341F08C0087342F /* Project object */;
}
